// !$*UTF8*$!
{
	archiveVersion = 1;
	classes = {
	};
	objectVersion = 56;
	objects = {

/* Begin PBXBuildFile section */
		39C76B54299CC3EE0072EA90 /* AppDelegate.swift in Sources */ = {isa = PBXBuildFile; fileRef = 39C76B53299CC3EE0072EA90 /* AppDelegate.swift */; };
		39C76B56299CC3EE0072EA90 /* SceneDelegate.swift in Sources */ = {isa = PBXBuildFile; fileRef = 39C76B55299CC3EE0072EA90 /* SceneDelegate.swift */; };
		39C76B58299CC3EE0072EA90 /* ViewController.swift in Sources */ = {isa = PBXBuildFile; fileRef = 39C76B57299CC3EE0072EA90 /* ViewController.swift */; };
		39C76B5B299CC3EE0072EA90 /* Main.storyboard in Resources */ = {isa = PBXBuildFile; fileRef = 39C76B59299CC3EE0072EA90 /* Main.storyboard */; };
		39C76B5D299CC3EF0072EA90 /* Assets.xcassets in Resources */ = {isa = PBXBuildFile; fileRef = 39C76B5C299CC3EF0072EA90 /* Assets.xcassets */; };
		39C76B60299CC3EF0072EA90 /* LaunchScreen.storyboard in Resources */ = {isa = PBXBuildFile; fileRef = 39C76B5E299CC3EF0072EA90 /* LaunchScreen.storyboard */; };
		39C76B6A299CC9030072EA90 /* QRreadViewController.swift in Sources */ = {isa = PBXBuildFile; fileRef = 39C76B69299CC9030072EA90 /* QRreadViewController.swift */; };
/* End PBXBuildFile section */

/* Begin PBXFileReference section */
		39C76B50299CC3EE0072EA90 /* qrread.app */ = {isa = PBXFileReference; explicitFileType = wrapper.application; includeInIndex = 0; path = qrread.app; sourceTree = BUILT_PRODUCTS_DIR; };
		39C76B53299CC3EE0072EA90 /* AppDelegate.swift */ = {isa = PBXFileReference; lastKnownFileType = sourcecode.swift; path = AppDelegate.swift; sourceTree = "<group>"; };
		39C76B55299CC3EE0072EA90 /* SceneDelegate.swift */ = {isa = PBXFileReference; lastKnownFileType = sourcecode.swift; path = SceneDelegate.swift; sourceTree = "<group>"; };
		39C76B57299CC3EE0072EA90 /* ViewController.swift */ = {isa = PBXFileReference; lastKnownFileType = sourcecode.swift; path = ViewController.swift; sourceTree = "<group>"; };
		39C76B5A299CC3EE0072EA90 /* Base */ = {isa = PBXFileReference; lastKnownFileType = file.storyboard; name = Base; path = Base.lproj/Main.storyboard; sourceTree = "<group>"; };
		39C76B5C299CC3EF0072EA90 /* Assets.xcassets */ = {isa = PBXFileReference; lastKnownFileType = folder.assetcatalog; path = Assets.xcassets; sourceTree = "<group>"; };
		39C76B5F299CC3EF0072EA90 /* Base */ = {isa = PBXFileReference; lastKnownFileType = file.storyboard; name = Base; path = Base.lproj/LaunchScreen.storyboard; sourceTree = "<group>"; };
		39C76B61299CC3EF0072EA90 /* Info.plist */ = {isa = PBXFileReference; lastKnownFileType = text.plist.xml; path = Info.plist; sourceTree = "<group>"; };
		39C76B69299CC9030072EA90 /* QRreadViewController.swift */ = {isa = PBXFileReference; lastKnownFileType = sourcecode.swift; path = QRreadViewController.swift; sourceTree = "<group>"; };
/* End PBXFileReference section */

/* Begin PBXFrameworksBuildPhase section */
		39C76B4D299CC3EE0072EA90 /* Frameworks */ = {
			isa = PBXFrameworksBuildPhase;
			buildActionMask = 2147483647;
			files = (
			);
			runOnlyForDeploymentPostprocessing = 0;
		};
/* End PBXFrameworksBuildPhase section */

/* Begin PBXGroup section */
		39C76B47299CC3EE0072EA90 = {
			isa = PBXGroup;
			children = (
				39C76B52299CC3EE0072EA90 /* qrread */,
				39C76B51299CC3EE0072EA90 /* Products */,
			);
			sourceTree = "<group>";
		};
		39C76B51299CC3EE0072EA90 /* Products */ = {
			isa = PBXGroup;
			children = (
				39C76B50299CC3EE0072EA90 /* qrread.app */,
			);
			name = Products;
			sourceTree = "<group>";
		};
		39C76B52299CC3EE0072EA90 /* qrread */ = {
			isa = PBXGroup;
			children = (
				39C76B67299CC4080072EA90 /* app */,
				39C76B68299CC4140072EA90 /* view */,
				39C76B59299CC3EE0072EA90 /* Main.storyboard */,
				39C76B5C299CC3EF0072EA90 /* Assets.xcassets */,
				39C76B5E299CC3EF0072EA90 /* LaunchScreen.storyboard */,
				39C76B61299CC3EF0072EA90 /* Info.plist */,
			);
			path = qrread;
			sourceTree = "<group>";
		};
		39C76B67299CC4080072EA90 /* app */ = {
			isa = PBXGroup;
			children = (
				39C76B53299CC3EE0072EA90 /* AppDelegate.swift */,
				39C76B55299CC3EE0072EA90 /* SceneDelegate.swift */,
			);
			path = app;
			sourceTree = "<group>";
		};
		39C76B68299CC4140072EA90 /* view */ = {
			isa = PBXGroup;
			children = (
				39C76B57299CC3EE0072EA90 /* ViewController.swift */,
				39C76B69299CC9030072EA90 /* QRreadViewController.swift */,
			);
			path = view;
			sourceTree = "<group>";
		};
/* End PBXGroup section */

/* Begin PBXNativeTarget section */
		39C76B4F299CC3EE0072EA90 /* qrread */ = {
			isa = PBXNativeTarget;
			buildConfigurationList = 39C76B64299CC3EF0072EA90 /* Build configuration list for PBXNativeTarget "qrread" */;
			buildPhases = (
				39C76B4C299CC3EE0072EA90 /* Sources */,
				39C76B4D299CC3EE0072EA90 /* Frameworks */,
				39C76B4E299CC3EE0072EA90 /* Resources */,
			);
			buildRules = (
			);
			dependencies = (
			);
			name = qrread;
			productName = qrread;
			productReference = 39C76B50299CC3EE0072EA90 /* qrread.app */;
			productType = "com.apple.product-type.application";
		};
/* End PBXNativeTarget section */

/* Begin PBXProject section */
		39C76B48299CC3EE0072EA90 /* Project object */ = {
			isa = PBXProject;
			attributes = {
				BuildIndependentTargetsInParallel = 1;
				LastSwiftUpdateCheck = 1420;
				LastUpgradeCheck = 1420;
				TargetAttributes = {
					39C76B4F299CC3EE0072EA90 = {
						CreatedOnToolsVersion = 14.2;
					};
				};
			};
			buildConfigurationList = 39C76B4B299CC3EE0072EA90 /* Build configuration list for PBXProject "qrread" */;
			compatibilityVersion = "Xcode 14.0";
			developmentRegion = en;
			hasScannedForEncodings = 0;
			knownRegions = (
				en,
				Base,
			);
			mainGroup = 39C76B47299CC3EE0072EA90;
			productRefGroup = 39C76B51299CC3EE0072EA90 /* Products */;
			projectDirPath = "";
			projectRoot = "";
			targets = (
				39C76B4F299CC3EE0072EA90 /* qrread */,
			);
		};
/* End PBXProject section */

/* Begin PBXResourcesBuildPhase section */
		39C76B4E299CC3EE0072EA90 /* Resources */ = {
			isa = PBXResourcesBuildPhase;
			buildActionMask = 2147483647;
			files = (
				39C76B60299CC3EF0072EA90 /* LaunchScreen.storyboard in Resources */,
				39C76B5D299CC3EF0072EA90 /* Assets.xcassets in Resources */,
				39C76B5B299CC3EE0072EA90 /* Main.storyboard in Resources */,
			);
			runOnlyForDeploymentPostprocessing = 0;
		};
/* End PBXResourcesBuildPhase section */

/* Begin PBXSourcesBuildPhase section */
		39C76B4C299CC3EE0072EA90 /* Sources */ = {
			isa = PBXSourcesBuildPhase;
			buildActionMask = 2147483647;
			files = (
				39C76B58299CC3EE0072EA90 /* ViewController.swift in Sources */,
				39C76B54299CC3EE0072EA90 /* AppDelegate.swift in Sources */,
				39C76B56299CC3EE0072EA90 /* SceneDelegate.swift in Sources */,
				39C76B6A299CC9030072EA90 /* QRreadViewController.swift in Sources */,
			);
			runOnlyForDeploymentPostprocessing = 0;
		};
/* End PBXSourcesBuildPhase section */

/* Begin PBXVariantGroup section */
		39C76B59299CC3EE0072EA90 /* Main.storyboard */ = {
			isa = PBXVariantGroup;
			children = (
				39C76B5A299CC3EE0072EA90 /* Base */,
			);
			name = Main.storyboard;
			sourceTree = "<group>";
		};
		39C76B5E299CC3EF0072EA90 /* LaunchScreen.storyboard */ = {
			isa = PBXVariantGroup;
			children = (
				39C76B5F299CC3EF0072EA90 /* Base */,
			);
			name = LaunchScreen.storyboard;
			sourceTree = "<group>";
		};
/* End PBXVariantGroup section */

/* Begin XCBuildConfiguration section */
		39C76B62299CC3EF0072EA90 /* Debug */ = {
			isa = XCBuildConfiguration;
			buildSettings = {
				ALWAYS_SEARCH_USER_PATHS = NO;
				CLANG_ANALYZER_NONNULL = YES;
				CLANG_ANALYZER_NUMBER_OBJECT_CONVERSION = YES_AGGRESSIVE;
				CLANG_CXX_LANGUAGE_STANDARD = "gnu++20";
				CLANG_ENABLE_MODULES = YES;
				CLANG_ENABLE_OBJC_ARC = YES;
				CLANG_ENABLE_OBJC_WEAK = YES;
				CLANG_WARN_BLOCK_CAPTURE_AUTORELEASING = YES;
				CLANG_WARN_BOOL_CONVERSION = YES;
				CLANG_WARN_COMMA = YES;
				CLANG_WARN_CONSTANT_CONVERSION = YES;
				CLANG_WARN_DEPRECATED_OBJC_IMPLEMENTATIONS = YES;
				CLANG_WARN_DIRECT_OBJC_ISA_USAGE = YES_ERROR;
				CLANG_WARN_DOCUMENTATION_COMMENTS = YES;
				CLANG_WARN_EMPTY_BODY = YES;
				CLANG_WARN_ENUM_CONVERSION = YES;
				CLANG_WARN_INFINITE_RECURSION = YES;
				CLANG_WARN_INT_CONVERSION = YES;
				CLANG_WARN_NON_LITERAL_NULL_CONVERSION = YES;
				CLANG_WARN_OBJC_IMPLICIT_RETAIN_SELF = YES;
				CLANG_WARN_OBJC_LITERAL_CONVERSION = YES;
				CLANG_WARN_OBJC_ROOT_CLASS = YES_ERROR;
				CLANG_WARN_QUOTED_INCLUDE_IN_FRAMEWORK_HEADER = YES;
				CLANG_WARN_RANGE_LOOP_ANALYSIS = YES;
				CLANG_WARN_STRICT_PROTOTYPES = YES;
				CLANG_WARN_SUSPICIOUS_MOVE = YES;
				CLANG_WARN_UNGUARDED_AVAILABILITY = YES_AGGRESSIVE;
				CLANG_WARN_UNREACHABLE_CODE = YES;
				CLANG_WARN__DUPLICATE_METHOD_MATCH = YES;
				COPY_PHASE_STRIP = NO;
				DEBUG_INFORMATION_FORMAT = dwarf;
				ENABLE_STRICT_OBJC_MSGSEND = YES;
				ENABLE_TESTABILITY = YES;
				GCC_C_LANGUAGE_STANDARD = gnu11;
				GCC_DYNAMIC_NO_PIC = NO;
				GCC_NO_COMMON_BLOCKS = YES;
				GCC_OPTIMIZATION_LEVEL = 0;
				GCC_PREPROCESSOR_DEFINITIONS = (
					"DEBUG=1",
					"$(inherited)",
				);
				GCC_WARN_64_TO_32_BIT_CONVERSION = YES;
				GCC_WARN_ABOUT_RETURN_TYPE = YES_ERROR;
				GCC_WARN_UNDECLARED_SELECTOR = YES;
				GCC_WARN_UNINITIALIZED_AUTOS = YES_AGGRESSIVE;
				GCC_WARN_UNUSED_FUNCTION = YES;
				GCC_WARN_UNUSED_VARIABLE = YES;
				IPHONEOS_DEPLOYMENT_TARGET = 16.2;
				MTL_ENABLE_DEBUG_INFO = INCLUDE_SOURCE;
				MTL_FAST_MATH = YES;
				ONLY_ACTIVE_ARCH = YES;
				SDKROOT = iphoneos;
				SWIFT_ACTIVE_COMPILATION_CONDITIONS = DEBUG;
				SWIFT_OPTIMIZATION_LEVEL = "-Onone";
			};
			name = Debug;
		};
		39C76B63299CC3EF0072EA90 /* Release */ = {
			isa = XCBuildConfiguration;
			buildSettings = {
				ALWAYS_SEARCH_USER_PATHS = NO;
				CLANG_ANALYZER_NONNULL = YES;
				CLANG_ANALYZER_NUMBER_OBJECT_CONVERSION = YES_AGGRESSIVE;
				CLANG_CXX_LANGUAGE_STANDARD = "gnu++20";
				CLANG_ENABLE_MODULES = YES;
				CLANG_ENABLE_OBJC_ARC = YES;
				CLANG_ENABLE_OBJC_WEAK = YES;
				CLANG_WARN_BLOCK_CAPTURE_AUTORELEASING = YES;
				CLANG_WARN_BOOL_CONVERSION = YES;
				CLANG_WARN_COMMA = YES;
				CLANG_WARN_CONSTANT_CONVERSION = YES;
				CLANG_WARN_DEPRECATED_OBJC_IMPLEMENTATIONS = YES;
				CLANG_WARN_DIRECT_OBJC_ISA_USAGE = YES_ERROR;
				CLANG_WARN_DOCUMENTATION_COMMENTS = YES;
				CLANG_WARN_EMPTY_BODY = YES;
				CLANG_WARN_ENUM_CONVERSION = YES;
				CLANG_WARN_INFINITE_RECURSION = YES;
				CLANG_WARN_INT_CONVERSION = YES;
				CLANG_WARN_NON_LITERAL_NULL_CONVERSION = YES;
				CLANG_WARN_OBJC_IMPLICIT_RETAIN_SELF = YES;
				CLANG_WARN_OBJC_LITERAL_CONVERSION = YES;
				CLANG_WARN_OBJC_ROOT_CLASS = YES_ERROR;
				CLANG_WARN_QUOTED_INCLUDE_IN_FRAMEWORK_HEADER = YES;
				CLANG_WARN_RANGE_LOOP_ANALYSIS = YES;
				CLANG_WARN_STRICT_PROTOTYPES = YES;
				CLANG_WARN_SUSPICIOUS_MOVE = YES;
				CLANG_WARN_UNGUARDED_AVAILABILITY = YES_AGGRESSIVE;
				CLANG_WARN_UNREACHABLE_CODE = YES;
				CLANG_WARN__DUPLICATE_METHOD_MATCH = YES;
				COPY_PHASE_STRIP = NO;
				DEBUG_INFORMATION_FORMAT = "dwarf-with-dsym";
				ENABLE_NS_ASSERTIONS = NO;
				ENABLE_STRICT_OBJC_MSGSEND = YES;
				GCC_C_LANGUAGE_STANDARD = gnu11;
				GCC_NO_COMMON_BLOCKS = YES;
				GCC_WARN_64_TO_32_BIT_CONVERSION = YES;
				GCC_WARN_ABOUT_RETURN_TYPE = YES_ERROR;
				GCC_WARN_UNDECLARED_SELECTOR = YES;
				GCC_WARN_UNINITIALIZED_AUTOS = YES_AGGRESSIVE;
				GCC_WARN_UNUSED_FUNCTION = YES;
				GCC_WARN_UNUSED_VARIABLE = YES;
				IPHONEOS_DEPLOYMENT_TARGET = 16.2;
				MTL_ENABLE_DEBUG_INFO = NO;
				MTL_FAST_MATH = YES;
				SDKROOT = iphoneos;
				SWIFT_COMPILATION_MODE = wholemodule;
				SWIFT_OPTIMIZATION_LEVEL = "-O";
				VALIDATE_PRODUCT = YES;
			};
			name = Release;
		};
		39C76B65299CC3EF0072EA90 /* Debug */ = {
			isa = XCBuildConfiguration;
			buildSettings = {
				ASSETCATALOG_COMPILER_APPICON_NAME = AppIcon;
				ASSETCATALOG_COMPILER_GLOBAL_ACCENT_COLOR_NAME = AccentColor;
				CODE_SIGN_STYLE = Automatic;
				CURRENT_PROJECT_VERSION = 1;
				DEVELOPMENT_TEAM = K3T4DBPF55;
				GENERATE_INFOPLIST_FILE = YES;
				INFOPLIST_FILE = qrread/Info.plist;
				INFOPLIST_KEY_UIApplicationSupportsIndirectInputEvents = YES;
				INFOPLIST_KEY_UILaunchStoryboardName = LaunchScreen;
				INFOPLIST_KEY_UIMainStoryboardFile = Main;
				INFOPLIST_KEY_UISupportedInterfaceOrientations_iPad = "UIInterfaceOrientationPortrait UIInterfaceOrientationPortraitUpsideDown UIInterfaceOrientationLandscapeLeft UIInterfaceOrientationLandscapeRight";
				INFOPLIST_KEY_UISupportedInterfaceOrientations_iPhone = "UIInterfaceOrientationPortrait UIInterfaceOrientationLandscapeLeft UIInterfaceOrientationLandscapeRight";
				IPHONEOS_DEPLOYMENT_TARGET = 15.0;
				LD_RUNPATH_SEARCH_PATHS = (
					"$(inherited)",
					"@executable_path/Frameworks",
				);
				MARKETING_VERSION = 1.0;
				PRODUCT_BUNDLE_IDENTIFIER = com.example.qrread;
				PRODUCT_NAME = "$(TARGET_NAME)";
				SWIFT_EMIT_LOC_STRINGS = YES;
				SWIFT_VERSION = 5.0;
				TARGETED_DEVICE_FAMILY = "1,2";
			};
			name = Debug;
		};
		39C76B66299CC3EF0072EA90 /* Release */ = {
			isa = XCBuildConfiguration;
			buildSettings = {
				ASSETCATALOG_COMPILER_APPICON_NAME = AppIcon;
				ASSETCATALOG_COMPILER_GLOBAL_ACCENT_COLOR_NAME = AccentColor;
				CODE_SIGN_STYLE = Automatic;
				CURRENT_PROJECT_VERSION = 1;
				DEVELOPMENT_TEAM = K3T4DBPF55;
				GENERATE_INFOPLIST_FILE = YES;
				INFOPLIST_FILE = qrread/Info.plist;
				INFOPLIST_KEY_UIApplicationSupportsIndirectInputEvents = YES;
				INFOPLIST_KEY_UILaunchStoryboardName = LaunchScreen;
				INFOPLIST_KEY_UIMainStoryboardFile = Main;
				INFOPLIST_KEY_UISupportedInterfaceOrientations_iPad = "UIInterfaceOrientationPortrait UIInterfaceOrientationPortraitUpsideDown UIInterfaceOrientationLandscapeLeft UIInterfaceOrientationLandscapeRight";
				INFOPLIST_KEY_UISupportedInterfaceOrientations_iPhone = "UIInterfaceOrientationPortrait UIInterfaceOrientationLandscapeLeft UIInterfaceOrientationLandscapeRight";
				IPHONEOS_DEPLOYMENT_TARGET = 15.0;
				LD_RUNPATH_SEARCH_PATHS = (
					"$(inherited)",
					"@executable_path/Frameworks",
				);
				MARKETING_VERSION = 1.0;
				PRODUCT_BUNDLE_IDENTIFIER = com.example.qrread;
				PRODUCT_NAME = "$(TARGET_NAME)";
				SWIFT_EMIT_LOC_STRINGS = YES;
				SWIFT_VERSION = 5.0;
				TARGETED_DEVICE_FAMILY = "1,2";
			};
			name = Release;
		};
/* End XCBuildConfiguration section */

/* Begin XCConfigurationList section */
		39C76B4B299CC3EE0072EA90 /* Build configuration list for PBXProject "qrread" */ = {
			isa = XCConfigurationList;
			buildConfigurations = (
				39C76B62299CC3EF0072EA90 /* Debug */,
				39C76B63299CC3EF0072EA90 /* Release */,
			);
			defaultConfigurationIsVisible = 0;
			defaultConfigurationName = Release;
		};
		39C76B64299CC3EF0072EA90 /* Build configuration list for PBXNativeTarget "qrread" */ = {
			isa = XCConfigurationList;
			buildConfigurations = (
				39C76B65299CC3EF0072EA90 /* Debug */,
				39C76B66299CC3EF0072EA90 /* Release */,
			);
			defaultConfigurationIsVisible = 0;
			defaultConfigurationName = Release;
		};
/* End XCConfigurationList section */
	};
	rootObject = 39C76B48299CC3EE0072EA90 /* Project object */;
}
